// !$*UTF8*$!
{
	archiveVersion = 1;
	classes = {
	};
	objectVersion = 46;
	objects = {

/* Begin PBXBuildFile section */
		1D3623260D0F684500981E51 /* CustomPickerAppDelegate.m in Sources */ = {isa = PBXBuildFile; fileRef = 1D3623250D0F684500981E51 /* CustomPickerAppDelegate.m */; };
		1D60589B0D05DD56006BFB54 /* main.m in Sources */ = {isa = PBXBuildFile; fileRef = 29B97316FDCFA39411CA2CEA /* main.m */; };
		2899E5220DE3E06400AC0155 /* CustomPickerViewController.xib in Resources */ = {isa = PBXBuildFile; fileRef = 2899E5210DE3E06400AC0155 /* CustomPickerViewController.xib */; };
		28AD733F0D9D9553002E5188 /* MainWindow.xib in Resources */ = {isa = PBXBuildFile; fileRef = 28AD733E0D9D9553002E5188 /* MainWindow.xib */; };
		28D7ACF80DDB3853001CB0EB /* CustomPickerViewController.m in Sources */ = {isa = PBXBuildFile; fileRef = 28D7ACF70DDB3853001CB0EB /* CustomPickerViewController.m */; };
		2957875A13388CA600C684CB /* CoreFoundation.framework in Frameworks */ = {isa = PBXBuildFile; fileRef = 2957875913388CA600C684CB /* CoreFoundation.framework */; };
		2957875E13388CAE00C684CB /* Foundation.framework in Frameworks */ = {isa = PBXBuildFile; fileRef = 2957875D13388CAE00C684CB /* Foundation.framework */; };
		2957876213388CC300C684CB /* CoreGraphics.framework in Frameworks */ = {isa = PBXBuildFile; fileRef = 2957876113388CC300C684CB /* CoreGraphics.framework */; };
		2957876613388CD100C684CB /* UIKit.framework in Frameworks */ = {isa = PBXBuildFile; fileRef = 2957876513388CD100C684CB /* UIKit.framework */; };
		29B5BC13132E32BF00FA288F /* Batsman Silhoutte 512x512b.png in Resources */ = {isa = PBXBuildFile; fileRef = 29B5BC12132E32BF00FA288F /* Batsman Silhoutte 512x512b.png */; };
		29D7FE2D12F6C06100615CE9 /* apple.png in Resources */ = {isa = PBXBuildFile; fileRef = 29D7FE2712F6C06100615CE9 /* apple.png */; };
		29D7FE2E12F6C06100615CE9 /* bar.png in Resources */ = {isa = PBXBuildFile; fileRef = 29D7FE2812F6C06100615CE9 /* bar.png */; };
		29D7FE2F12F6C06100615CE9 /* cherry.png in Resources */ = {isa = PBXBuildFile; fileRef = 29D7FE2912F6C06100615CE9 /* cherry.png */; };
		29D7FE3012F6C06100615CE9 /* crown.png in Resources */ = {isa = PBXBuildFile; fileRef = 29D7FE2A12F6C06100615CE9 /* crown.png */; };
		29D7FE3112F6C06100615CE9 /* lemon.png in Resources */ = {isa = PBXBuildFile; fileRef = 29D7FE2B12F6C06100615CE9 /* lemon.png */; };
		29D7FE3212F6C06100615CE9 /* seven.png in Resources */ = {isa = PBXBuildFile; fileRef = 29D7FE2C12F6C06100615CE9 /* seven.png */; };
/* End PBXBuildFile section */

/* Begin PBXFileReference section */
		1D3623240D0F684500981E51 /* CustomPickerAppDelegate.h */ = {isa = PBXFileReference; fileEncoding = 4; lastKnownFileType = sourcecode.c.h; path = CustomPickerAppDelegate.h; sourceTree = "<group>"; };
		1D3623250D0F684500981E51 /* CustomPickerAppDelegate.m */ = {isa = PBXFileReference; fileEncoding = 4; lastKnownFileType = sourcecode.c.objc; path = CustomPickerAppDelegate.m; sourceTree = "<group>"; };
		1D6058910D05DD3D006BFB54 /* CustomPicker.app */ = {isa = PBXFileReference; explicitFileType = wrapper.application; includeInIndex = 0; path = CustomPicker.app; sourceTree = BUILT_PRODUCTS_DIR; };
		2899E5210DE3E06400AC0155 /* CustomPickerViewController.xib */ = {isa = PBXFileReference; lastKnownFileType = file.xib; path = CustomPickerViewController.xib; sourceTree = "<group>"; };
		28AD733E0D9D9553002E5188 /* MainWindow.xib */ = {isa = PBXFileReference; lastKnownFileType = file.xib; path = MainWindow.xib; sourceTree = "<group>"; };
		28D7ACF60DDB3853001CB0EB /* CustomPickerViewController.h */ = {isa = PBXFileReference; fileEncoding = 4; lastKnownFileType = sourcecode.c.h; path = CustomPickerViewController.h; sourceTree = "<group>"; };
		28D7ACF70DDB3853001CB0EB /* CustomPickerViewController.m */ = {isa = PBXFileReference; fileEncoding = 4; lastKnownFileType = sourcecode.c.objc; path = CustomPickerViewController.m; sourceTree = "<group>"; };
		2957875913388CA600C684CB /* CoreFoundation.framework */ = {isa = PBXFileReference; lastKnownFileType = wrapper.framework; name = CoreFoundation.framework; path = System/Library/Frameworks/CoreFoundation.framework; sourceTree = SDKROOT; };
		2957875D13388CAE00C684CB /* Foundation.framework */ = {isa = PBXFileReference; lastKnownFileType = wrapper.framework; name = Foundation.framework; path = System/Library/Frameworks/Foundation.framework; sourceTree = SDKROOT; };
		2957876113388CC300C684CB /* CoreGraphics.framework */ = {isa = PBXFileReference; lastKnownFileType = wrapper.framework; name = CoreGraphics.framework; path = System/Library/Frameworks/CoreGraphics.framework; sourceTree = SDKROOT; };
		2957876513388CD100C684CB /* UIKit.framework */ = {isa = PBXFileReference; lastKnownFileType = wrapper.framework; name = UIKit.framework; path = System/Library/Frameworks/UIKit.framework; sourceTree = SDKROOT; };
		29B5BC12132E32BF00FA288F /* Batsman Silhoutte 512x512b.png */ = {isa = PBXFileReference; lastKnownFileType = image.png; name = "Batsman Silhoutte 512x512b.png"; path = "../../../Desktop/Cricfacts/Batsman Silhoutte 512x512b.png"; sourceTree = SOURCE_ROOT; };
		29B97316FDCFA39411CA2CEA /* main.m */ = {isa = PBXFileReference; fileEncoding = 4; lastKnownFileType = sourcecode.c.objc; path = main.m; sourceTree = "<group>"; };
		29D7FE2712F6C06100615CE9 /* apple.png */ = {isa = PBXFileReference; lastKnownFileType = image.png; path = apple.png; sourceTree = "<group>"; };
		29D7FE2812F6C06100615CE9 /* bar.png */ = {isa = PBXFileReference; lastKnownFileType = image.png; path = bar.png; sourceTree = "<group>"; };
		29D7FE2912F6C06100615CE9 /* cherry.png */ = {isa = PBXFileReference; lastKnownFileType = image.png; path = cherry.png; sourceTree = "<group>"; };
		29D7FE2A12F6C06100615CE9 /* crown.png */ = {isa = PBXFileReference; lastKnownFileType = image.png; path = crown.png; sourceTree = "<group>"; };
		29D7FE2B12F6C06100615CE9 /* lemon.png */ = {isa = PBXFileReference; lastKnownFileType = image.png; path = lemon.png; sourceTree = "<group>"; };
		29D7FE2C12F6C06100615CE9 /* seven.png */ = {isa = PBXFileReference; lastKnownFileType = image.png; path = seven.png; sourceTree = "<group>"; };
		32CA4F630368D1EE00C91783 /* CustomPicker_Prefix.pch */ = {isa = PBXFileReference; fileEncoding = 4; lastKnownFileType = sourcecode.c.h; path = CustomPicker_Prefix.pch; sourceTree = "<group>"; };
		8D1107310486CEB800E47090 /* CustomPicker-Info.plist */ = {isa = PBXFileReference; fileEncoding = 4; lastKnownFileType = text.plist.xml; path = "CustomPicker-Info.plist"; plistStructureDefinitionIdentifier = "com.apple.xcode.plist.structure-definition.iphone.info-plist"; sourceTree = "<group>"; };
/* End PBXFileReference section */

/* Begin PBXFrameworksBuildPhase section */
		1D60588F0D05DD3D006BFB54 /* Frameworks */ = {
			isa = PBXFrameworksBuildPhase;
			buildActionMask = 2147483647;
			files = (
				2957875A13388CA600C684CB /* CoreFoundation.framework in Frameworks */,
				2957875E13388CAE00C684CB /* Foundation.framework in Frameworks */,
				2957876213388CC300C684CB /* CoreGraphics.framework in Frameworks */,
				2957876613388CD100C684CB /* UIKit.framework in Frameworks */,
			);
			runOnlyForDeploymentPostprocessing = 0;
		};
/* End PBXFrameworksBuildPhase section */

/* Begin PBXGroup section */
		080E96DDFE201D6D7F000001 /* Classes */ = {
			isa = PBXGroup;
			children = (
				1D3623240D0F684500981E51 /* CustomPickerAppDelegate.h */,
				1D3623250D0F684500981E51 /* CustomPickerAppDelegate.m */,
				28D7ACF60DDB3853001CB0EB /* CustomPickerViewController.h */,
				28D7ACF70DDB3853001CB0EB /* CustomPickerViewController.m */,
			);
			path = Classes;
			sourceTree = "<group>";
		};
		19C28FACFE9D520D11CA2CBB /* Products */ = {
			isa = PBXGroup;
			children = (
				1D6058910D05DD3D006BFB54 /* CustomPicker.app */,
			);
			name = Products;
			sourceTree = "<group>";
		};
		29B97314FDCFA39411CA2CEA /* CustomTemplate */ = {
			isa = PBXGroup;
			children = (
				080E96DDFE201D6D7F000001 /* Classes */,
				29B97315FDCFA39411CA2CEA /* Other Sources */,
				29B97317FDCFA39411CA2CEA /* Resources */,
				29B97323FDCFA39411CA2CEA /* Frameworks */,
				19C28FACFE9D520D11CA2CBB /* Products */,
			);
			name = CustomTemplate;
			sourceTree = "<group>";
		};
		29B97315FDCFA39411CA2CEA /* Other Sources */ = {
			isa = PBXGroup;
			children = (
				32CA4F630368D1EE00C91783 /* CustomPicker_Prefix.pch */,
				29B97316FDCFA39411CA2CEA /* main.m */,
			);
			name = "Other Sources";
			sourceTree = "<group>";
		};
		29B97317FDCFA39411CA2CEA /* Resources */ = {
			isa = PBXGroup;
			children = (
				29B5BC12132E32BF00FA288F /* Batsman Silhoutte 512x512b.png */,
				2899E5210DE3E06400AC0155 /* CustomPickerViewController.xib */,
				29D7FE2712F6C06100615CE9 /* apple.png */,
				29D7FE2812F6C06100615CE9 /* bar.png */,
				29D7FE2912F6C06100615CE9 /* cherry.png */,
				29D7FE2A12F6C06100615CE9 /* crown.png */,
				29D7FE2B12F6C06100615CE9 /* lemon.png */,
				29D7FE2C12F6C06100615CE9 /* seven.png */,
				28AD733E0D9D9553002E5188 /* MainWindow.xib */,
				8D1107310486CEB800E47090 /* CustomPicker-Info.plist */,
			);
			name = Resources;
			sourceTree = "<group>";
		};
		29B97323FDCFA39411CA2CEA /* Frameworks */ = {
			isa = PBXGroup;
			children = (
				2957875913388CA600C684CB /* CoreFoundation.framework */,
				2957875D13388CAE00C684CB /* Foundation.framework */,
				2957876113388CC300C684CB /* CoreGraphics.framework */,
				2957876513388CD100C684CB /* UIKit.framework */,
			);
			name = Frameworks;
			sourceTree = "<group>";
		};
/* End PBXGroup section */

/* Begin PBXNativeTarget section */
		1D6058900D05DD3D006BFB54 /* CustomPicker */ = {
			isa = PBXNativeTarget;
			buildConfigurationList = 1D6058960D05DD3E006BFB54 /* Build configuration list for PBXNativeTarget "CustomPicker" */;
			buildPhases = (
				1D60588D0D05DD3D006BFB54 /* Resources */,
				1D60588E0D05DD3D006BFB54 /* Sources */,
				1D60588F0D05DD3D006BFB54 /* Frameworks */,
			);
			buildRules = (
			);
			dependencies = (
			);
			name = CustomPicker;
			productName = CustomPicker;
			productReference = 1D6058910D05DD3D006BFB54 /* CustomPicker.app */;
			productType = "com.apple.product-type.application";
		};
/* End PBXNativeTarget section */

/* Begin PBXProject section */
		29B97313FDCFA39411CA2CEA /* Project object */ = {
			isa = PBXProject;
			buildConfigurationList = C01FCF4E08A954540054247B /* Build configuration list for PBXProject "CustomPicker" */;
			compatibilityVersion = "Xcode 3.2";
			developmentRegion = English;
			hasScannedForEncodings = 1;
			knownRegions = (
				English,
				Japanese,
				French,
				German,
			);
			mainGroup = 29B97314FDCFA39411CA2CEA /* CustomTemplate */;
			projectDirPath = "";
			projectRoot = "";
			targets = (
				1D6058900D05DD3D006BFB54 /* CustomPicker */,
			);
		};
/* End PBXProject section */

/* Begin PBXResourcesBuildPhase section */
		1D60588D0D05DD3D006BFB54 /* Resources */ = {
			isa = PBXResourcesBuildPhase;
			buildActionMask = 2147483647;
			files = (
				28AD733F0D9D9553002E5188 /* MainWindow.xib in Resources */,
				2899E5220DE3E06400AC0155 /* CustomPickerViewController.xib in Resources */,
				29D7FE2D12F6C06100615CE9 /* apple.png in Resources */,
				29D7FE2E12F6C06100615CE9 /* bar.png in Resources */,
				29D7FE2F12F6C06100615CE9 /* cherry.png in Resources */,
				29D7FE3012F6C06100615CE9 /* crown.png in Resources */,
				29D7FE3112F6C06100615CE9 /* lemon.png in Resources */,
				29D7FE3212F6C06100615CE9 /* seven.png in Resources */,
				29B5BC13132E32BF00FA288F /* Batsman Silhoutte 512x512b.png in Resources */,
			);
			runOnlyForDeploymentPostprocessing = 0;
		};
/* End PBXResourcesBuildPhase section */

/* Begin PBXSourcesBuildPhase section */
		1D60588E0D05DD3D006BFB54 /* Sources */ = {
			isa = PBXSourcesBuildPhase;
			buildActionMask = 2147483647;
			files = (
				1D60589B0D05DD56006BFB54 /* main.m in Sources */,
				1D3623260D0F684500981E51 /* CustomPickerAppDelegate.m in Sources */,
				28D7ACF80DDB3853001CB0EB /* CustomPickerViewController.m in Sources */,
			);
			runOnlyForDeploymentPostprocessing = 0;
		};
/* End PBXSourcesBuildPhase section */

/* Begin XCBuildConfiguration section */
		1D6058940D05DD3E006BFB54 /* Debug */ = {
			isa = XCBuildConfiguration;
			buildSettings = {
				ALWAYS_SEARCH_USER_PATHS = NO;
				COPY_PHASE_STRIP = NO;
				GCC_DYNAMIC_NO_PIC = NO;
				GCC_OPTIMIZATION_LEVEL = 0;
				GCC_PRECOMPILE_PREFIX_HEADER = YES;
				GCC_PREFIX_HEADER = CustomPicker_Prefix.pch;
				INFOPLIST_FILE = "CustomPicker-Info.plist";
				PRODUCT_NAME = CustomPicker;
			};
			name = Debug;
		};
		1D6058950D05DD3E006BFB54 /* Release */ = {
			isa = XCBuildConfiguration;
			buildSettings = {
				ALWAYS_SEARCH_USER_PATHS = NO;
				COPY_PHASE_STRIP = YES;
				GCC_PRECOMPILE_PREFIX_HEADER = YES;
				GCC_PREFIX_HEADER = CustomPicker_Prefix.pch;
				INFOPLIST_FILE = "CustomPicker-Info.plist";
				PRODUCT_NAME = CustomPicker;
				VALIDATE_PRODUCT = YES;
			};
			name = Release;
		};
		C01FCF4F08A954540054247B /* Debug */ = {
			isa = XCBuildConfiguration;
			buildSettings = {
				ARCHS = "$(ARCHS_STANDARD_32_BIT)";
				"CODE_SIGN_IDENTITY[sdk=iphoneos*]" = "iPhone Developer";
				GCC_C_LANGUAGE_STANDARD = c99;
				GCC_WARN_ABOUT_RETURN_TYPE = YES;
				GCC_WARN_UNUSED_VARIABLE = YES;
				ONLY_ACTIVE_ARCH = YES;
				PREBINDING = NO;
				SDKROOT = iphoneos4.3;
			};
			name = Debug;
		};
		C01FCF5008A954540054247B /* Release */ = {
			isa = XCBuildConfiguration;
			buildSettings = {
				ARCHS = "$(ARCHS_STANDARD_32_BIT)";
				"CODE_SIGN_IDENTITY[sdk=iphoneos*]" = "iPhone Developer";
				GCC_C_LANGUAGE_STANDARD = c99;
				GCC_WARN_ABOUT_RETURN_TYPE = YES;
				GCC_WARN_UNUSED_VARIABLE = YES;
				OTHER_CFLAGS = "-DNS_BLOCK_ASSERTIONS=1";
				PREBINDING = NO;
				SDKROOT = iphoneos4.0;
			};
			name = Release;
		};
/* End XCBuildConfiguration section */

/* Begin XCConfigurationList section */
		1D6058960D05DD3E006BFB54 /* Build configuration list for PBXNativeTarget "CustomPicker" */ = {
			isa = XCConfigurationList;
			buildConfigurations = (
				1D6058940D05DD3E006BFB54 /* Debug */,
				1D6058950D05DD3E006BFB54 /* Release */,
			);
			defaultConfigurationIsVisible = 0;
			defaultConfigurationName = Release;
		};
		C01FCF4E08A954540054247B /* Build configuration list for PBXProject "CustomPicker" */ = {
			isa = XCConfigurationList;
			buildConfigurations = (
				C01FCF4F08A954540054247B /* Debug */,
				C01FCF5008A954540054247B /* Release */,
			);
			defaultConfigurationIsVisible = 0;
			defaultConfigurationName = Release;
		};
/* End XCConfigurationList section */
	};
	rootObject = 29B97313FDCFA39411CA2CEA /* Project object */;
}
